Microsoft Visual Studio Solution File, Format Version 12.00
# Visual Studio 2012
Project("{FAE04EC0-301F-11D3-BF4B-00C04F79EFBC}") = "新遊戲專案", "新遊戲專案.csproj", "{FE03AFA0-0B93-4E86-A56B-F85267E8BFC9}"
EndProject
Global
	GlobalSection(SolutionConfigurationPlatforms) = preSolution
	Debug|Any CPU = Debug|Any CPU
	ExportDebug|Any CPU = ExportDebug|Any CPU
	ExportRelease|Any CPU = ExportRelease|Any CPU
	EndGlobalSection
	GlobalSection(ProjectConfigurationPlatforms) = postSolution
		{FE03AFA0-0B93-4E86-A56B-F85267E8BFC9}.Debug|Any CPU.ActiveCfg = Debug|Any CPU
		{FE03AFA0-0B93-4E86-A56B-F85267E8BFC9}.Debug|Any CPU.Build.0 = Debug|Any CPU
		{FE03AFA0-0B93-4E86-A56B-F85267E8BFC9}.ExportDebug|Any CPU.ActiveCfg = ExportDebug|Any CPU
		{FE03AFA0-0B93-4E86-A56B-F85267E8BFC9}.ExportDebug|Any CPU.Build.0 = ExportDebug|Any CPU
		{FE03AFA0-0B93-4E86-A56B-F85267E8BFC9}.ExportRelease|Any CPU.ActiveCfg = ExportRelease|Any CPU
		{FE03AFA0-0B93-4E86-A56B-F85267E8BFC9}.ExportRelease|Any CPU.Build.0 = ExportRelease|Any CPU
	EndGlobalSection
EndGlobal
